// !$*UTF8*$!
{
	archiveVersion = 1;
	classes = {
	};
	objectVersion = 56;
	objects = {

/* Begin PBXBuildFile section */
		F66747942C6CAAC8004108F9 /* ExpenseTrackerApp.swift in Sources */ = {isa = PBXBuildFile; fileRef = F66747932C6CAAC8004108F9 /* ExpenseTrackerApp.swift */; };
		F66747962C6CAAC8004108F9 /* ContentView.swift in Sources */ = {isa = PBXBuildFile; fileRef = F66747952C6CAAC8004108F9 /* ContentView.swift */; };
		F66747982C6CAACA004108F9 /* Assets.xcassets in Resources */ = {isa = PBXBuildFile; fileRef = F66747972C6CAACA004108F9 /* Assets.xcassets */; };
		F667479B2C6CAACA004108F9 /* Preview Assets.xcassets in Resources */ = {isa = PBXBuildFile; fileRef = F667479A2C6CAACA004108F9 /* Preview Assets.xcassets */; };
		F66747A52C6CAACB004108F9 /* ExpenseTrackerTests.swift in Sources */ = {isa = PBXBuildFile; fileRef = F66747A42C6CAACB004108F9 /* ExpenseTrackerTests.swift */; };
		F66747AF2C6CAACB004108F9 /* ExpenseTrackerUITests.swift in Sources */ = {isa = PBXBuildFile; fileRef = F66747AE2C6CAACB004108F9 /* ExpenseTrackerUITests.swift */; };
		F66747B12C6CAACB004108F9 /* ExpenseTrackerUITestsLaunchTests.swift in Sources */ = {isa = PBXBuildFile; fileRef = F66747B02C6CAACB004108F9 /* ExpenseTrackerUITestsLaunchTests.swift */; };
		F66748062C6E3100004108F9 /* Dashboard.swift in Sources */ = {isa = PBXBuildFile; fileRef = F66748052C6E3100004108F9 /* Dashboard.swift */; };
		F66748092C6E318B004108F9 /* CoreDataManager.swift in Sources */ = {isa = PBXBuildFile; fileRef = F66748082C6E318B004108F9 /* CoreDataManager.swift */; };
		F667480D2C6E3283004108F9 /* ExpenseTracker.xcdatamodeld in Sources */ = {isa = PBXBuildFile; fileRef = F667480B2C6E3282004108F9 /* ExpenseTracker.xcdatamodeld */; };
		F667480F2C6E336D004108F9 /* BaseModel.swift in Sources */ = {isa = PBXBuildFile; fileRef = F667480E2C6E336D004108F9 /* BaseModel.swift */; };
		F66748112C6E3A59004108F9 /* DashboardExpenseRepository.swift in Sources */ = {isa = PBXBuildFile; fileRef = F66748102C6E3A59004108F9 /* DashboardExpenseRepository.swift */; };
		F66748132C6E3E62004108F9 /* Expense+Extension.swift in Sources */ = {isa = PBXBuildFile; fileRef = F66748122C6E3E62004108F9 /* Expense+Extension.swift */; };
		F66748152C6E3EF5004108F9 /* DashboardExpenseUseCase.swift in Sources */ = {isa = PBXBuildFile; fileRef = F66748142C6E3EF5004108F9 /* DashboardExpenseUseCase.swift */; };
		F66748172C6E3F3F004108F9 /* DashboardExpenseViewModel.swift in Sources */ = {isa = PBXBuildFile; fileRef = F66748162C6E3F3F004108F9 /* DashboardExpenseViewModel.swift */; };
		F66748212C6FA1DA004108F9 /* TotalExpenseView.swift in Sources */ = {isa = PBXBuildFile; fileRef = F66748202C6FA1DA004108F9 /* TotalExpenseView.swift */; };
		F66748232C6FA201004108F9 /* CategoryExpenseView.swift in Sources */ = {isa = PBXBuildFile; fileRef = F66748222C6FA201004108F9 /* CategoryExpenseView.swift */; };
		F66748262C6FA2B6004108F9 /* ExpenseData.swift in Sources */ = {isa = PBXBuildFile; fileRef = F66748252C6FA2B6004108F9 /* ExpenseData.swift */; };
		F66748282C6FA2CC004108F9 /* TotalExpense.swift in Sources */ = {isa = PBXBuildFile; fileRef = F66748272C6FA2CC004108F9 /* TotalExpense.swift */; };
		F667482A2C6FA2DE004108F9 /* CategoryExpense.swift in Sources */ = {isa = PBXBuildFile; fileRef = F66748292C6FA2DE004108F9 /* CategoryExpense.swift */; };
		F667482C2C6FB499004108F9 /* RecentTransactionsView.swift in Sources */ = {isa = PBXBuildFile; fileRef = F667482B2C6FB499004108F9 /* RecentTransactionsView.swift */; };
		F667482E2C6FD1C5004108F9 /* AllTransactionView.swift in Sources */ = {isa = PBXBuildFile; fileRef = F667482D2C6FD1C5004108F9 /* AllTransactionView.swift */; };
		F66748302C6FDDE7004108F9 /* AddExpenseView.swift in Sources */ = {isa = PBXBuildFile; fileRef = F667482F2C6FDDE7004108F9 /* AddExpenseView.swift */; };
		F66748322C6FE30C004108F9 /* ExpensesOverTimeView.swift in Sources */ = {isa = PBXBuildFile; fileRef = F66748312C6FE30C004108F9 /* ExpensesOverTimeView.swift */; };
		F667483A2C709540004108F9 /* AddExpenseViewModel.swift in Sources */ = {isa = PBXBuildFile; fileRef = F66748392C709540004108F9 /* AddExpenseViewModel.swift */; };
		F667483C2C70998E004108F9 /* AddExpenseUseCase.swift in Sources */ = {isa = PBXBuildFile; fileRef = F667483B2C70998E004108F9 /* AddExpenseUseCase.swift */; };
		F667483E2C7099AA004108F9 /* AddExpenseRepository.swift in Sources */ = {isa = PBXBuildFile; fileRef = F667483D2C7099AA004108F9 /* AddExpenseRepository.swift */; };
		F66748402C7123A4004108F9 /* ShowFilterScreen.swift in Sources */ = {isa = PBXBuildFile; fileRef = F667483F2C7123A4004108F9 /* ShowFilterScreen.swift */; };
		F66748462C7239C7004108F9 /* ExpenseSummaryCategorySection.swift in Sources */ = {isa = PBXBuildFile; fileRef = F66748452C7239C7004108F9 /* ExpenseSummaryCategorySection.swift */; };
		F66748482C7239E2004108F9 /* ExpenseSummaryViewModel.swift in Sources */ = {isa = PBXBuildFile; fileRef = F66748472C7239E2004108F9 /* ExpenseSummaryViewModel.swift */; };
		F667484A2C723A07004108F9 /* ExpenseSummaryView.swift in Sources */ = {isa = PBXBuildFile; fileRef = F66748492C723A07004108F9 /* ExpenseSummaryView.swift */; };
/* End PBXBuildFile section */

/* Begin PBXContainerItemProxy section */
		F66747A12C6CAACB004108F9 /* PBXContainerItemProxy */ = {
			isa = PBXContainerItemProxy;
			containerPortal = F66747882C6CAAC8004108F9 /* Project object */;
			proxyType = 1;
			remoteGlobalIDString = F667478F2C6CAAC8004108F9;
			remoteInfo = ExpenseTracker;
		};
		F66747AB2C6CAACB004108F9 /* PBXContainerItemProxy */ = {
			isa = PBXContainerItemProxy;
			containerPortal = F66747882C6CAAC8004108F9 /* Project object */;
			proxyType = 1;
			remoteGlobalIDString = F667478F2C6CAAC8004108F9;
			remoteInfo = ExpenseTracker;
		};
/* End PBXContainerItemProxy section */

/* Begin PBXFileReference section */
		F66747902C6CAAC8004108F9 /* ExpenseTracker.app */ = {isa = PBXFileReference; explicitFileType = wrapper.application; includeInIndex = 0; path = ExpenseTracker.app; sourceTree = BUILT_PRODUCTS_DIR; };
		F66747932C6CAAC8004108F9 /* ExpenseTrackerApp.swift */ = {isa = PBXFileReference; lastKnownFileType = sourcecode.swift; path = ExpenseTrackerApp.swift; sourceTree = "<group>"; };
		F66747952C6CAAC8004108F9 /* ContentView.swift */ = {isa = PBXFileReference; lastKnownFileType = sourcecode.swift; path = ContentView.swift; sourceTree = "<group>"; };
		F66747972C6CAACA004108F9 /* Assets.xcassets */ = {isa = PBXFileReference; lastKnownFileType = folder.assetcatalog; path = Assets.xcassets; sourceTree = "<group>"; };
		F667479A2C6CAACA004108F9 /* Preview Assets.xcassets */ = {isa = PBXFileReference; lastKnownFileType = folder.assetcatalog; path = "Preview Assets.xcassets"; sourceTree = "<group>"; };
		F66747A02C6CAACB004108F9 /* ExpenseTrackerTests.xctest */ = {isa = PBXFileReference; explicitFileType = wrapper.cfbundle; includeInIndex = 0; path = ExpenseTrackerTests.xctest; sourceTree = BUILT_PRODUCTS_DIR; };
		F66747A42C6CAACB004108F9 /* ExpenseTrackerTests.swift */ = {isa = PBXFileReference; lastKnownFileType = sourcecode.swift; path = ExpenseTrackerTests.swift; sourceTree = "<group>"; };
		F66747AA2C6CAACB004108F9 /* ExpenseTrackerUITests.xctest */ = {isa = PBXFileReference; explicitFileType = wrapper.cfbundle; includeInIndex = 0; path = ExpenseTrackerUITests.xctest; sourceTree = BUILT_PRODUCTS_DIR; };
		F66747AE2C6CAACB004108F9 /* ExpenseTrackerUITests.swift */ = {isa = PBXFileReference; lastKnownFileType = sourcecode.swift; path = ExpenseTrackerUITests.swift; sourceTree = "<group>"; };
		F66747B02C6CAACB004108F9 /* ExpenseTrackerUITestsLaunchTests.swift */ = {isa = PBXFileReference; lastKnownFileType = sourcecode.swift; path = ExpenseTrackerUITestsLaunchTests.swift; sourceTree = "<group>"; };
		F66748052C6E3100004108F9 /* Dashboard.swift */ = {isa = PBXFileReference; lastKnownFileType = sourcecode.swift; path = Dashboard.swift; sourceTree = "<group>"; };
		F66748082C6E318B004108F9 /* CoreDataManager.swift */ = {isa = PBXFileReference; lastKnownFileType = sourcecode.swift; path = CoreDataManager.swift; sourceTree = "<group>"; };
		F667480C2C6E3283004108F9 /* ExpenseTracker.xcdatamodel */ = {isa = PBXFileReference; lastKnownFileType = wrapper.xcdatamodel; path = ExpenseTracker.xcdatamodel; sourceTree = "<group>"; };
		F667480E2C6E336D004108F9 /* BaseModel.swift */ = {isa = PBXFileReference; lastKnownFileType = sourcecode.swift; path = BaseModel.swift; sourceTree = "<group>"; };
		F66748102C6E3A59004108F9 /* DashboardExpenseRepository.swift */ = {isa = PBXFileReference; lastKnownFileType = sourcecode.swift; path = DashboardExpenseRepository.swift; sourceTree = "<group>"; };
		F66748122C6E3E62004108F9 /* Expense+Extension.swift */ = {isa = PBXFileReference; lastKnownFileType = sourcecode.swift; path = "Expense+Extension.swift"; sourceTree = "<group>"; };
		F66748142C6E3EF5004108F9 /* DashboardExpenseUseCase.swift */ = {isa = PBXFileReference; lastKnownFileType = sourcecode.swift; path = DashboardExpenseUseCase.swift; sourceTree = "<group>"; };
		F66748162C6E3F3F004108F9 /* DashboardExpenseViewModel.swift */ = {isa = PBXFileReference; lastKnownFileType = sourcecode.swift; path = DashboardExpenseViewModel.swift; sourceTree = "<group>"; };
		F66748202C6FA1DA004108F9 /* TotalExpenseView.swift */ = {isa = PBXFileReference; lastKnownFileType = sourcecode.swift; path = TotalExpenseView.swift; sourceTree = "<group>"; };
		F66748222C6FA201004108F9 /* CategoryExpenseView.swift */ = {isa = PBXFileReference; lastKnownFileType = sourcecode.swift; path = CategoryExpenseView.swift; sourceTree = "<group>"; };
		F66748252C6FA2B6004108F9 /* ExpenseData.swift */ = {isa = PBXFileReference; lastKnownFileType = sourcecode.swift; path = ExpenseData.swift; sourceTree = "<group>"; };
		F66748272C6FA2CC004108F9 /* TotalExpense.swift */ = {isa = PBXFileReference; lastKnownFileType = sourcecode.swift; path = TotalExpense.swift; sourceTree = "<group>"; };
		F66748292C6FA2DE004108F9 /* CategoryExpense.swift */ = {isa = PBXFileReference; lastKnownFileType = sourcecode.swift; path = CategoryExpense.swift; sourceTree = "<group>"; };
		F667482B2C6FB499004108F9 /* RecentTransactionsView.swift */ = {isa = PBXFileReference; lastKnownFileType = sourcecode.swift; path = RecentTransactionsView.swift; sourceTree = "<group>"; };
		F667482D2C6FD1C5004108F9 /* AllTransactionView.swift */ = {isa = PBXFileReference; lastKnownFileType = sourcecode.swift; path = AllTransactionView.swift; sourceTree = "<group>"; };
		F667482F2C6FDDE7004108F9 /* AddExpenseView.swift */ = {isa = PBXFileReference; lastKnownFileType = sourcecode.swift; path = AddExpenseView.swift; sourceTree = "<group>"; };
		F66748312C6FE30C004108F9 /* ExpensesOverTimeView.swift */ = {isa = PBXFileReference; lastKnownFileType = sourcecode.swift; path = ExpensesOverTimeView.swift; sourceTree = "<group>"; };
		F66748392C709540004108F9 /* AddExpenseViewModel.swift */ = {isa = PBXFileReference; lastKnownFileType = sourcecode.swift; path = AddExpenseViewModel.swift; sourceTree = "<group>"; };
		F667483B2C70998E004108F9 /* AddExpenseUseCase.swift */ = {isa = PBXFileReference; lastKnownFileType = sourcecode.swift; path = AddExpenseUseCase.swift; sourceTree = "<group>"; };
		F667483D2C7099AA004108F9 /* AddExpenseRepository.swift */ = {isa = PBXFileReference; lastKnownFileType = sourcecode.swift; path = AddExpenseRepository.swift; sourceTree = "<group>"; };
		F667483F2C7123A4004108F9 /* ShowFilterScreen.swift */ = {isa = PBXFileReference; lastKnownFileType = sourcecode.swift; path = ShowFilterScreen.swift; sourceTree = "<group>"; };
		F66748452C7239C7004108F9 /* ExpenseSummaryCategorySection.swift */ = {isa = PBXFileReference; lastKnownFileType = sourcecode.swift; path = ExpenseSummaryCategorySection.swift; sourceTree = "<group>"; };
		F66748472C7239E2004108F9 /* ExpenseSummaryViewModel.swift */ = {isa = PBXFileReference; lastKnownFileType = sourcecode.swift; path = ExpenseSummaryViewModel.swift; sourceTree = "<group>"; };
		F66748492C723A07004108F9 /* ExpenseSummaryView.swift */ = {isa = PBXFileReference; lastKnownFileType = sourcecode.swift; path = ExpenseSummaryView.swift; sourceTree = "<group>"; };
/* End PBXFileReference section */

/* Begin PBXFrameworksBuildPhase section */
		F667478D2C6CAAC8004108F9 /* Frameworks */ = {
			isa = PBXFrameworksBuildPhase;
			buildActionMask = 2147483647;
			files = (
			);
			runOnlyForDeploymentPostprocessing = 0;
		};
		F667479D2C6CAACB004108F9 /* Frameworks */ = {
			isa = PBXFrameworksBuildPhase;
			buildActionMask = 2147483647;
			files = (
			);
			runOnlyForDeploymentPostprocessing = 0;
		};
		F66747A72C6CAACB004108F9 /* Frameworks */ = {
			isa = PBXFrameworksBuildPhase;
			buildActionMask = 2147483647;
			files = (
			);
			runOnlyForDeploymentPostprocessing = 0;
		};
/* End PBXFrameworksBuildPhase section */

/* Begin PBXGroup section */
		F66747872C6CAAC8004108F9 = {
			isa = PBXGroup;
			children = (
				F66747922C6CAAC8004108F9 /* ExpenseTracker */,
				F66747A32C6CAACB004108F9 /* ExpenseTrackerTests */,
				F66747AD2C6CAACB004108F9 /* ExpenseTrackerUITests */,
				F66747912C6CAAC8004108F9 /* Products */,
			);
			sourceTree = "<group>";
		};
		F66747912C6CAAC8004108F9 /* Products */ = {
			isa = PBXGroup;
			children = (
				F66747902C6CAAC8004108F9 /* ExpenseTracker.app */,
				F66747A02C6CAACB004108F9 /* ExpenseTrackerTests.xctest */,
				F66747AA2C6CAACB004108F9 /* ExpenseTrackerUITests.xctest */,
			);
			name = Products;
			sourceTree = "<group>";
		};
		F66747922C6CAAC8004108F9 /* ExpenseTracker */ = {
			isa = PBXGroup;
			children = (
				F66747932C6CAAC8004108F9 /* ExpenseTrackerApp.swift */,
				F66747952C6CAAC8004108F9 /* ContentView.swift */,
				F667480A2C6E325F004108F9 /* Model */,
				F66748072C6E317B004108F9 /* Manager */,
				F66748242C6FA27E004108F9 /* DataModels */,
				F66748042C6E30EE004108F9 /* Screens */,
				F66748362C70950B004108F9 /* ViewModels */,
				F66748372C709519004108F9 /* UseCase */,
				F66748382C709523004108F9 /* Repository */,
				F66747972C6CAACA004108F9 /* Assets.xcassets */,
				F66747992C6CAACA004108F9 /* Preview Content */,
				F667480B2C6E3282004108F9 /* ExpenseTracker.xcdatamodeld */,
			);
			path = ExpenseTracker;
			sourceTree = "<group>";
		};
		F66747992C6CAACA004108F9 /* Preview Content */ = {
			isa = PBXGroup;
			children = (
				F667479A2C6CAACA004108F9 /* Preview Assets.xcassets */,
			);
			path = "Preview Content";
			sourceTree = "<group>";
		};
		F66747A32C6CAACB004108F9 /* ExpenseTrackerTests */ = {
			isa = PBXGroup;
			children = (
				F66747A42C6CAACB004108F9 /* ExpenseTrackerTests.swift */,
			);
			path = ExpenseTrackerTests;
			sourceTree = "<group>";
		};
		F66747AD2C6CAACB004108F9 /* ExpenseTrackerUITests */ = {
			isa = PBXGroup;
			children = (
				F66747AE2C6CAACB004108F9 /* ExpenseTrackerUITests.swift */,
				F66747B02C6CAACB004108F9 /* ExpenseTrackerUITestsLaunchTests.swift */,
			);
			path = ExpenseTrackerUITests;
			sourceTree = "<group>";
		};
		F66748042C6E30EE004108F9 /* Screens */ = {
			isa = PBXGroup;
			children = (
				F66748332C7094AF004108F9 /* Dashbaord */,
				F66748352C7094D6004108F9 /* AllTransactions */,
				F66748342C7094C5004108F9 /* AddExpense */,
				F667483F2C7123A4004108F9 /* ShowFilterScreen.swift */,
			);
			path = Screens;
			sourceTree = "<group>";
		};
		F66748072C6E317B004108F9 /* Manager */ = {
			isa = PBXGroup;
			children = (
				F66748082C6E318B004108F9 /* CoreDataManager.swift */,
				F66748122C6E3E62004108F9 /* Expense+Extension.swift */,
			);
			path = Manager;
			sourceTree = "<group>";
		};
		F667480A2C6E325F004108F9 /* Model */ = {
			isa = PBXGroup;
			children = (
				F667480E2C6E336D004108F9 /* BaseModel.swift */,
			);
			path = Model;
			sourceTree = "<group>";
		};
		F667481F2C6FA1C6004108F9 /* Charts */ = {
			isa = PBXGroup;
			children = (
				F66748202C6FA1DA004108F9 /* TotalExpenseView.swift */,
				F66748222C6FA201004108F9 /* CategoryExpenseView.swift */,
				F66748312C6FE30C004108F9 /* ExpensesOverTimeView.swift */,
			);
			path = Charts;
			sourceTree = "<group>";
		};
		F66748242C6FA27E004108F9 /* DataModels */ = {
			isa = PBXGroup;
			children = (
				F66748252C6FA2B6004108F9 /* ExpenseData.swift */,
				F66748272C6FA2CC004108F9 /* TotalExpense.swift */,
				F66748292C6FA2DE004108F9 /* CategoryExpense.swift */,
				F66748452C7239C7004108F9 /* ExpenseSummaryCategorySection.swift */,
			);
			path = DataModels;
			sourceTree = "<group>";
		};
		F66748332C7094AF004108F9 /* Dashbaord */ = {
			isa = PBXGroup;
			children = (
				F66748052C6E3100004108F9 /* Dashboard.swift */,
				F667482B2C6FB499004108F9 /* RecentTransactionsView.swift */,
				F66748492C723A07004108F9 /* ExpenseSummaryView.swift */,
				F667481F2C6FA1C6004108F9 /* Charts */,
			);
			path = Dashbaord;
			sourceTree = "<group>";
		};
		F66748342C7094C5004108F9 /* AddExpense */ = {
			isa = PBXGroup;
			children = (
				F667482F2C6FDDE7004108F9 /* AddExpenseView.swift */,
			);
			path = AddExpense;
			sourceTree = "<group>";
		};
		F66748352C7094D6004108F9 /* AllTransactions */ = {
			isa = PBXGroup;
			children = (
				F667482D2C6FD1C5004108F9 /* AllTransactionView.swift */,
			);
			path = AllTransactions;
			sourceTree = "<group>";
		};
		F66748362C70950B004108F9 /* ViewModels */ = {
			isa = PBXGroup;
			children = (
				F66748162C6E3F3F004108F9 /* DashboardExpenseViewModel.swift */,
				F66748392C709540004108F9 /* AddExpenseViewModel.swift */,
				F66748472C7239E2004108F9 /* ExpenseSummaryViewModel.swift */,
			);
			path = ViewModels;
			sourceTree = "<group>";
		};
		F66748372C709519004108F9 /* UseCase */ = {
			isa = PBXGroup;
			children = (
				F66748142C6E3EF5004108F9 /* DashboardExpenseUseCase.swift */,
				F667483B2C70998E004108F9 /* AddExpenseUseCase.swift */,
			);
			path = UseCase;
			sourceTree = "<group>";
		};
		F66748382C709523004108F9 /* Repository */ = {
			isa = PBXGroup;
			children = (
				F66748102C6E3A59004108F9 /* DashboardExpenseRepository.swift */,
				F667483D2C7099AA004108F9 /* AddExpenseRepository.swift */,
			);
			path = Repository;
			sourceTree = "<group>";
		};
/* End PBXGroup section */

/* Begin PBXNativeTarget section */
		F667478F2C6CAAC8004108F9 /* ExpenseTracker */ = {
			isa = PBXNativeTarget;
			buildConfigurationList = F66747B42C6CAACB004108F9 /* Build configuration list for PBXNativeTarget "ExpenseTracker" */;
			buildPhases = (
				F667478C2C6CAAC8004108F9 /* Sources */,
				F667478D2C6CAAC8004108F9 /* Frameworks */,
				F667478E2C6CAAC8004108F9 /* Resources */,
			);
			buildRules = (
			);
			dependencies = (
			);
			name = ExpenseTracker;
			packageProductDependencies = (
			);
			productName = ExpenseTracker;
			productReference = F66747902C6CAAC8004108F9 /* ExpenseTracker.app */;
			productType = "com.apple.product-type.application";
		};
		F667479F2C6CAACB004108F9 /* ExpenseTrackerTests */ = {
			isa = PBXNativeTarget;
			buildConfigurationList = F66747B72C6CAACB004108F9 /* Build configuration list for PBXNativeTarget "ExpenseTrackerTests" */;
			buildPhases = (
				F667479C2C6CAACB004108F9 /* Sources */,
				F667479D2C6CAACB004108F9 /* Frameworks */,
				F667479E2C6CAACB004108F9 /* Resources */,
			);
			buildRules = (
			);
			dependencies = (
				F66747A22C6CAACB004108F9 /* PBXTargetDependency */,
			);
			name = ExpenseTrackerTests;
			productName = ExpenseTrackerTests;
			productReference = F66747A02C6CAACB004108F9 /* ExpenseTrackerTests.xctest */;
			productType = "com.apple.product-type.bundle.unit-test";
		};
		F66747A92C6CAACB004108F9 /* ExpenseTrackerUITests */ = {
			isa = PBXNativeTarget;
			buildConfigurationList = F66747BA2C6CAACB004108F9 /* Build configuration list for PBXNativeTarget "ExpenseTrackerUITests" */;
			buildPhases = (
				F66747A62C6CAACB004108F9 /* Sources */,
				F66747A72C6CAACB004108F9 /* Frameworks */,
				F66747A82C6CAACB004108F9 /* Resources */,
			);
			buildRules = (
			);
			dependencies = (
				F66747AC2C6CAACB004108F9 /* PBXTargetDependency */,
			);
			name = ExpenseTrackerUITests;
			productName = ExpenseTrackerUITests;
			productReference = F66747AA2C6CAACB004108F9 /* ExpenseTrackerUITests.xctest */;
			productType = "com.apple.product-type.bundle.ui-testing";
		};
/* End PBXNativeTarget section */

/* Begin PBXProject section */
		F66747882C6CAAC8004108F9 /* Project object */ = {
			isa = PBXProject;
			attributes = {
				BuildIndependentTargetsInParallel = 1;
				LastSwiftUpdateCheck = 1540;
				LastUpgradeCheck = 1540;
				TargetAttributes = {
					F667478F2C6CAAC8004108F9 = {
						CreatedOnToolsVersion = 15.4;
					};
					F667479F2C6CAACB004108F9 = {
						CreatedOnToolsVersion = 15.4;
						TestTargetID = F667478F2C6CAAC8004108F9;
					};
					F66747A92C6CAACB004108F9 = {
						CreatedOnToolsVersion = 15.4;
						TestTargetID = F667478F2C6CAAC8004108F9;
					};
				};
			};
			buildConfigurationList = F667478B2C6CAAC8004108F9 /* Build configuration list for PBXProject "ExpenseTracker" */;
			compatibilityVersion = "Xcode 14.0";
			developmentRegion = en;
			hasScannedForEncodings = 0;
			knownRegions = (
				en,
				Base,
			);
			mainGroup = F66747872C6CAAC8004108F9;
			packageReferences = (
				F667481C2C6E70C6004108F9 /* XCRemoteSwiftPackageReference "ChartView" */,
			);
			productRefGroup = F66747912C6CAAC8004108F9 /* Products */;
			projectDirPath = "";
			projectRoot = "";
			targets = (
				F667478F2C6CAAC8004108F9 /* ExpenseTracker */,
				F667479F2C6CAACB004108F9 /* ExpenseTrackerTests */,
				F66747A92C6CAACB004108F9 /* ExpenseTrackerUITests */,
			);
		};
/* End PBXProject section */

/* Begin PBXResourcesBuildPhase section */
		F667478E2C6CAAC8004108F9 /* Resources */ = {
			isa = PBXResourcesBuildPhase;
			buildActionMask = 2147483647;
			files = (
				F667479B2C6CAACA004108F9 /* Preview Assets.xcassets in Resources */,
				F66747982C6CAACA004108F9 /* Assets.xcassets in Resources */,
			);
			runOnlyForDeploymentPostprocessing = 0;
		};
		F667479E2C6CAACB004108F9 /* Resources */ = {
			isa = PBXResourcesBuildPhase;
			buildActionMask = 2147483647;
			files = (
			);
			runOnlyForDeploymentPostprocessing = 0;
		};
		F66747A82C6CAACB004108F9 /* Resources */ = {
			isa = PBXResourcesBuildPhase;
			buildActionMask = 2147483647;
			files = (
			);
			runOnlyForDeploymentPostprocessing = 0;
		};
/* End PBXResourcesBuildPhase section */

/* Begin PBXSourcesBuildPhase section */
		F667478C2C6CAAC8004108F9 /* Sources */ = {
			isa = PBXSourcesBuildPhase;
			buildActionMask = 2147483647;
			files = (
				F667480F2C6E336D004108F9 /* BaseModel.swift in Sources */,
				F66748402C7123A4004108F9 /* ShowFilterScreen.swift in Sources */,
				F667483C2C70998E004108F9 /* AddExpenseUseCase.swift in Sources */,
				F66747962C6CAAC8004108F9 /* ContentView.swift in Sources */,
				F66748132C6E3E62004108F9 /* Expense+Extension.swift in Sources */,
				F667482A2C6FA2DE004108F9 /* CategoryExpense.swift in Sources */,
				F66748282C6FA2CC004108F9 /* TotalExpense.swift in Sources */,
				F667483A2C709540004108F9 /* AddExpenseViewModel.swift in Sources */,
				F66748062C6E3100004108F9 /* Dashboard.swift in Sources */,
				F66748302C6FDDE7004108F9 /* AddExpenseView.swift in Sources */,
				F667482E2C6FD1C5004108F9 /* AllTransactionView.swift in Sources */,
				F66748172C6E3F3F004108F9 /* DashboardExpenseViewModel.swift in Sources */,
				F667484A2C723A07004108F9 /* ExpenseSummaryView.swift in Sources */,
				F66748232C6FA201004108F9 /* CategoryExpenseView.swift in Sources */,
				F667483E2C7099AA004108F9 /* AddExpenseRepository.swift in Sources */,
				F66748092C6E318B004108F9 /* CoreDataManager.swift in Sources */,
				F66748322C6FE30C004108F9 /* ExpensesOverTimeView.swift in Sources */,
				F66748152C6E3EF5004108F9 /* DashboardExpenseUseCase.swift in Sources */,
				F667480D2C6E3283004108F9 /* ExpenseTracker.xcdatamodeld in Sources */,
				F66747942C6CAAC8004108F9 /* ExpenseTrackerApp.swift in Sources */,
				F66748482C7239E2004108F9 /* ExpenseSummaryViewModel.swift in Sources */,
				F667482C2C6FB499004108F9 /* RecentTransactionsView.swift in Sources */,
				F66748112C6E3A59004108F9 /* DashboardExpenseRepository.swift in Sources */,
				F66748212C6FA1DA004108F9 /* TotalExpenseView.swift in Sources */,
				F66748262C6FA2B6004108F9 /* ExpenseData.swift in Sources */,
				F66748462C7239C7004108F9 /* ExpenseSummaryCategorySection.swift in Sources */,
			);
			runOnlyForDeploymentPostprocessing = 0;
		};
		F667479C2C6CAACB004108F9 /* Sources */ = {
			isa = PBXSourcesBuildPhase;
			buildActionMask = 2147483647;
			files = (
				F66747A52C6CAACB004108F9 /* ExpenseTrackerTests.swift in Sources */,
			);
			runOnlyForDeploymentPostprocessing = 0;
		};
		F66747A62C6CAACB004108F9 /* Sources */ = {
			isa = PBXSourcesBuildPhase;
			buildActionMask = 2147483647;
			files = (
				F66747B12C6CAACB004108F9 /* ExpenseTrackerUITestsLaunchTests.swift in Sources */,
				F66747AF2C6CAACB004108F9 /* ExpenseTrackerUITests.swift in Sources */,
			);
			runOnlyForDeploymentPostprocessing = 0;
		};
/* End PBXSourcesBuildPhase section */

/* Begin PBXTargetDependency section */
		F66747A22C6CAACB004108F9 /* PBXTargetDependency */ = {
			isa = PBXTargetDependency;
			target = F667478F2C6CAAC8004108F9 /* ExpenseTracker */;
			targetProxy = F66747A12C6CAACB004108F9 /* PBXContainerItemProxy */;
		};
		F66747AC2C6CAACB004108F9 /* PBXTargetDependency */ = {
			isa = PBXTargetDependency;
			target = F667478F2C6CAAC8004108F9 /* ExpenseTracker */;
			targetProxy = F66747AB2C6CAACB004108F9 /* PBXContainerItemProxy */;
		};
/* End PBXTargetDependency section */

/* Begin XCBuildConfiguration section */
		F66747B22C6CAACB004108F9 /* Debug */ = {
			isa = XCBuildConfiguration;
			buildSettings = {
				ALWAYS_SEARCH_USER_PATHS = NO;
				ASSETCATALOG_COMPILER_GENERATE_SWIFT_ASSET_SYMBOL_EXTENSIONS = YES;
				CLANG_ANALYZER_NONNULL = YES;
				CLANG_ANALYZER_NUMBER_OBJECT_CONVERSION = YES_AGGRESSIVE;
				CLANG_CXX_LANGUAGE_STANDARD = "gnu++20";
				CLANG_ENABLE_MODULES = YES;
				CLANG_ENABLE_OBJC_ARC = YES;
				CLANG_ENABLE_OBJC_WEAK = YES;
				CLANG_WARN_BLOCK_CAPTURE_AUTORELEASING = YES;
				CLANG_WARN_BOOL_CONVERSION = YES;
				CLANG_WARN_COMMA = YES;
				CLANG_WARN_CONSTANT_CONVERSION = YES;
				CLANG_WARN_DEPRECATED_OBJC_IMPLEMENTATIONS = YES;
				CLANG_WARN_DIRECT_OBJC_ISA_USAGE = YES_ERROR;
				CLANG_WARN_DOCUMENTATION_COMMENTS = YES;
				CLANG_WARN_EMPTY_BODY = YES;
				CLANG_WARN_ENUM_CONVERSION = YES;
				CLANG_WARN_INFINITE_RECURSION = YES;
				CLANG_WARN_INT_CONVERSION = YES;
				CLANG_WARN_NON_LITERAL_NULL_CONVERSION = YES;
				CLANG_WARN_OBJC_IMPLICIT_RETAIN_SELF = YES;
				CLANG_WARN_OBJC_LITERAL_CONVERSION = YES;
				CLANG_WARN_OBJC_ROOT_CLASS = YES_ERROR;
				CLANG_WARN_QUOTED_INCLUDE_IN_FRAMEWORK_HEADER = YES;
				CLANG_WARN_RANGE_LOOP_ANALYSIS = YES;
				CLANG_WARN_STRICT_PROTOTYPES = YES;
				CLANG_WARN_SUSPICIOUS_MOVE = YES;
				CLANG_WARN_UNGUARDED_AVAILABILITY = YES_AGGRESSIVE;
				CLANG_WARN_UNREACHABLE_CODE = YES;
				CLANG_WARN__DUPLICATE_METHOD_MATCH = YES;
				COPY_PHASE_STRIP = NO;
				DEBUG_INFORMATION_FORMAT = dwarf;
				ENABLE_STRICT_OBJC_MSGSEND = YES;
				ENABLE_TESTABILITY = YES;
				ENABLE_USER_SCRIPT_SANDBOXING = YES;
				GCC_C_LANGUAGE_STANDARD = gnu17;
				GCC_DYNAMIC_NO_PIC = NO;
				GCC_NO_COMMON_BLOCKS = YES;
				GCC_OPTIMIZATION_LEVEL = 0;
				GCC_PREPROCESSOR_DEFINITIONS = (
					"DEBUG=1",
					"$(inherited)",
				);
				GCC_WARN_64_TO_32_BIT_CONVERSION = YES;
				GCC_WARN_ABOUT_RETURN_TYPE = YES_ERROR;
				GCC_WARN_UNDECLARED_SELECTOR = YES;
				GCC_WARN_UNINITIALIZED_AUTOS = YES_AGGRESSIVE;
				GCC_WARN_UNUSED_FUNCTION = YES;
				GCC_WARN_UNUSED_VARIABLE = YES;
				IPHONEOS_DEPLOYMENT_TARGET = 17.5;
				LOCALIZATION_PREFERS_STRING_CATALOGS = YES;
				MTL_ENABLE_DEBUG_INFO = INCLUDE_SOURCE;
				MTL_FAST_MATH = YES;
				ONLY_ACTIVE_ARCH = YES;
				SDKROOT = iphoneos;
				SWIFT_ACTIVE_COMPILATION_CONDITIONS = "DEBUG $(inherited)";
				SWIFT_OPTIMIZATION_LEVEL = "-Onone";
			};
			name = Debug;
		};
		F66747B32C6CAACB004108F9 /* Release */ = {
			isa = XCBuildConfiguration;
			buildSettings = {
				ALWAYS_SEARCH_USER_PATHS = NO;
				ASSETCATALOG_COMPILER_GENERATE_SWIFT_ASSET_SYMBOL_EXTENSIONS = YES;
				CLANG_ANALYZER_NONNULL = YES;
				CLANG_ANALYZER_NUMBER_OBJECT_CONVERSION = YES_AGGRESSIVE;
				CLANG_CXX_LANGUAGE_STANDARD = "gnu++20";
				CLANG_ENABLE_MODULES = YES;
				CLANG_ENABLE_OBJC_ARC = YES;
				CLANG_ENABLE_OBJC_WEAK = YES;
				CLANG_WARN_BLOCK_CAPTURE_AUTORELEASING = YES;
				CLANG_WARN_BOOL_CONVERSION = YES;
				CLANG_WARN_COMMA = YES;
				CLANG_WARN_CONSTANT_CONVERSION = YES;
				CLANG_WARN_DEPRECATED_OBJC_IMPLEMENTATIONS = YES;
				CLANG_WARN_DIRECT_OBJC_ISA_USAGE = YES_ERROR;
				CLANG_WARN_DOCUMENTATION_COMMENTS = YES;
				CLANG_WARN_EMPTY_BODY = YES;
				CLANG_WARN_ENUM_CONVERSION = YES;
				CLANG_WARN_INFINITE_RECURSION = YES;
				CLANG_WARN_INT_CONVERSION = YES;
				CLANG_WARN_NON_LITERAL_NULL_CONVERSION = YES;
				CLANG_WARN_OBJC_IMPLICIT_RETAIN_SELF = YES;
				CLANG_WARN_OBJC_LITERAL_CONVERSION = YES;
				CLANG_WARN_OBJC_ROOT_CLASS = YES_ERROR;
				CLANG_WARN_QUOTED_INCLUDE_IN_FRAMEWORK_HEADER = YES;
				CLANG_WARN_RANGE_LOOP_ANALYSIS = YES;
				CLANG_WARN_STRICT_PROTOTYPES = YES;
				CLANG_WARN_SUSPICIOUS_MOVE = YES;
				CLANG_WARN_UNGUARDED_AVAILABILITY = YES_AGGRESSIVE;
				CLANG_WARN_UNREACHABLE_CODE = YES;
				CLANG_WARN__DUPLICATE_METHOD_MATCH = YES;
				COPY_PHASE_STRIP = NO;
				DEBUG_INFORMATION_FORMAT = "dwarf-with-dsym";
				ENABLE_NS_ASSERTIONS = NO;
				ENABLE_STRICT_OBJC_MSGSEND = YES;
				ENABLE_USER_SCRIPT_SANDBOXING = YES;
				GCC_C_LANGUAGE_STANDARD = gnu17;
				GCC_NO_COMMON_BLOCKS = YES;
				GCC_WARN_64_TO_32_BIT_CONVERSION = YES;
				GCC_WARN_ABOUT_RETURN_TYPE = YES_ERROR;
				GCC_WARN_UNDECLARED_SELECTOR = YES;
				GCC_WARN_UNINITIALIZED_AUTOS = YES_AGGRESSIVE;
				GCC_WARN_UNUSED_FUNCTION = YES;
				GCC_WARN_UNUSED_VARIABLE = YES;
				IPHONEOS_DEPLOYMENT_TARGET = 17.5;
				LOCALIZATION_PREFERS_STRING_CATALOGS = YES;
				MTL_ENABLE_DEBUG_INFO = NO;
				MTL_FAST_MATH = YES;
				SDKROOT = iphoneos;
				SWIFT_COMPILATION_MODE = wholemodule;
				VALIDATE_PRODUCT = YES;
			};
			name = Release;
		};
		F66747B52C6CAACB004108F9 /* Debug */ = {
			isa = XCBuildConfiguration;
			buildSettings = {
				ASSETCATALOG_COMPILER_APPICON_NAME = AppIcon;
				ASSETCATALOG_COMPILER_GLOBAL_ACCENT_COLOR_NAME = AccentColor;
				CODE_SIGN_STYLE = Automatic;
				CURRENT_PROJECT_VERSION = 1;
				DEVELOPMENT_ASSET_PATHS = "\"ExpenseTracker/Preview Content\"";
				ENABLE_PREVIEWS = YES;
				GENERATE_INFOPLIST_FILE = YES;
				INFOPLIST_KEY_UIApplicationSceneManifest_Generation = YES;
				INFOPLIST_KEY_UIApplicationSupportsIndirectInputEvents = YES;
				INFOPLIST_KEY_UILaunchScreen_Generation = YES;
				INFOPLIST_KEY_UISupportedInterfaceOrientations_iPad = "UIInterfaceOrientationPortrait UIInterfaceOrientationPortraitUpsideDown UIInterfaceOrientationLandscapeLeft UIInterfaceOrientationLandscapeRight";
				INFOPLIST_KEY_UISupportedInterfaceOrientations_iPhone = "UIInterfaceOrientationPortrait UIInterfaceOrientationLandscapeLeft UIInterfaceOrientationLandscapeRight";
				LD_RUNPATH_SEARCH_PATHS = (
					"$(inherited)",
					"@executable_path/Frameworks",
				);
				MARKETING_VERSION = 1.0;
				PRODUCT_BUNDLE_IDENTIFIER = com.ss.ExpenseTracker;
				PRODUCT_NAME = "$(TARGET_NAME)";
				SWIFT_EMIT_LOC_STRINGS = YES;
				SWIFT_VERSION = 5.0;
				TARGETED_DEVICE_FAMILY = "1,2";
			};
			name = Debug;
		};
		F66747B62C6CAACB004108F9 /* Release */ = {
			isa = XCBuildConfiguration;
			buildSettings = {
				ASSETCATALOG_COMPILER_APPICON_NAME = AppIcon;
				ASSETCATALOG_COMPILER_GLOBAL_ACCENT_COLOR_NAME = AccentColor;
				CODE_SIGN_STYLE = Automatic;
				CURRENT_PROJECT_VERSION = 1;
				DEVELOPMENT_ASSET_PATHS = "\"ExpenseTracker/Preview Content\"";
				ENABLE_PREVIEWS = YES;
				GENERATE_INFOPLIST_FILE = YES;
				INFOPLIST_KEY_UIApplicationSceneManifest_Generation = YES;
				INFOPLIST_KEY_UIApplicationSupportsIndirectInputEvents = YES;
				INFOPLIST_KEY_UILaunchScreen_Generation = YES;
				INFOPLIST_KEY_UISupportedInterfaceOrientations_iPad = "UIInterfaceOrientationPortrait UIInterfaceOrientationPortraitUpsideDown UIInterfaceOrientationLandscapeLeft UIInterfaceOrientationLandscapeRight";
				INFOPLIST_KEY_UISupportedInterfaceOrientations_iPhone = "UIInterfaceOrientationPortrait UIInterfaceOrientationLandscapeLeft UIInterfaceOrientationLandscapeRight";
				LD_RUNPATH_SEARCH_PATHS = (
					"$(inherited)",
					"@executable_path/Frameworks",
				);
				MARKETING_VERSION = 1.0;
				PRODUCT_BUNDLE_IDENTIFIER = com.ss.ExpenseTracker;
				PRODUCT_NAME = "$(TARGET_NAME)";
				SWIFT_EMIT_LOC_STRINGS = YES;
				SWIFT_VERSION = 5.0;
				TARGETED_DEVICE_FAMILY = "1,2";
			};
			name = Release;
		};
		F66747B82C6CAACB004108F9 /* Debug */ = {
			isa = XCBuildConfiguration;
			buildSettings = {
				ALWAYS_EMBED_SWIFT_STANDARD_LIBRARIES = YES;
				BUNDLE_LOADER = "$(TEST_HOST)";
				CODE_SIGN_STYLE = Automatic;
				CURRENT_PROJECT_VERSION = 1;
				GENERATE_INFOPLIST_FILE = YES;
				IPHONEOS_DEPLOYMENT_TARGET = 17.5;
				MARKETING_VERSION = 1.0;
				PRODUCT_BUNDLE_IDENTIFIER = com.ss.ExpenseTrackerTests;
				PRODUCT_NAME = "$(TARGET_NAME)";
				SWIFT_EMIT_LOC_STRINGS = NO;
				SWIFT_VERSION = 5.0;
				TARGETED_DEVICE_FAMILY = "1,2";
				TEST_HOST = "$(BUILT_PRODUCTS_DIR)/ExpenseTracker.app/$(BUNDLE_EXECUTABLE_FOLDER_PATH)/ExpenseTracker";
			};
			name = Debug;
		};
		F66747B92C6CAACB004108F9 /* Release */ = {
			isa = XCBuildConfiguration;
			buildSettings = {
				ALWAYS_EMBED_SWIFT_STANDARD_LIBRARIES = YES;
				BUNDLE_LOADER = "$(TEST_HOST)";
				CODE_SIGN_STYLE = Automatic;
				CURRENT_PROJECT_VERSION = 1;
				GENERATE_INFOPLIST_FILE = YES;
				IPHONEOS_DEPLOYMENT_TARGET = 17.5;
				MARKETING_VERSION = 1.0;
				PRODUCT_BUNDLE_IDENTIFIER = com.ss.ExpenseTrackerTests;
				PRODUCT_NAME = "$(TARGET_NAME)";
				SWIFT_EMIT_LOC_STRINGS = NO;
				SWIFT_VERSION = 5.0;
				TARGETED_DEVICE_FAMILY = "1,2";
				TEST_HOST = "$(BUILT_PRODUCTS_DIR)/ExpenseTracker.app/$(BUNDLE_EXECUTABLE_FOLDER_PATH)/ExpenseTracker";
			};
			name = Release;
		};
		F66747BB2C6CAACB004108F9 /* Debug */ = {
			isa = XCBuildConfiguration;
			buildSettings = {
				ALWAYS_EMBED_SWIFT_STANDARD_LIBRARIES = YES;
				CODE_SIGN_STYLE = Automatic;
				CURRENT_PROJECT_VERSION = 1;
				GENERATE_INFOPLIST_FILE = YES;
				MARKETING_VERSION = 1.0;
				PRODUCT_BUNDLE_IDENTIFIER = com.ss.ExpenseTrackerUITests;
				PRODUCT_NAME = "$(TARGET_NAME)";
				SWIFT_EMIT_LOC_STRINGS = NO;
				SWIFT_VERSION = 5.0;
				TARGETED_DEVICE_FAMILY = "1,2";
				TEST_TARGET_NAME = ExpenseTracker;
			};
			name = Debug;
		};
		F66747BC2C6CAACB004108F9 /* Release */ = {
			isa = XCBuildConfiguration;
			buildSettings = {
				ALWAYS_EMBED_SWIFT_STANDARD_LIBRARIES = YES;
				CODE_SIGN_STYLE = Automatic;
				CURRENT_PROJECT_VERSION = 1;
				GENERATE_INFOPLIST_FILE = YES;
				MARKETING_VERSION = 1.0;
				PRODUCT_BUNDLE_IDENTIFIER = com.ss.ExpenseTrackerUITests;
				PRODUCT_NAME = "$(TARGET_NAME)";
				SWIFT_EMIT_LOC_STRINGS = NO;
				SWIFT_VERSION = 5.0;
				TARGETED_DEVICE_FAMILY = "1,2";
				TEST_TARGET_NAME = ExpenseTracker;
			};
			name = Release;
		};
/* End XCBuildConfiguration section */

/* Begin XCConfigurationList section */
		F667478B2C6CAAC8004108F9 /* Build configuration list for PBXProject "ExpenseTracker" */ = {
			isa = XCConfigurationList;
			buildConfigurations = (
				F66747B22C6CAACB004108F9 /* Debug */,
				F66747B32C6CAACB004108F9 /* Release */,
			);
			defaultConfigurationIsVisible = 0;
			defaultConfigurationName = Release;
		};
		F66747B42C6CAACB004108F9 /* Build configuration list for PBXNativeTarget "ExpenseTracker" */ = {
			isa = XCConfigurationList;
			buildConfigurations = (
				F66747B52C6CAACB004108F9 /* Debug */,
				F66747B62C6CAACB004108F9 /* Release */,
			);
			defaultConfigurationIsVisible = 0;
			defaultConfigurationName = Release;
		};
		F66747B72C6CAACB004108F9 /* Build configuration list for PBXNativeTarget "ExpenseTrackerTests" */ = {
			isa = XCConfigurationList;
			buildConfigurations = (
				F66747B82C6CAACB004108F9 /* Debug */,
				F66747B92C6CAACB004108F9 /* Release */,
			);
			defaultConfigurationIsVisible = 0;
			defaultConfigurationName = Release;
		};
		F66747BA2C6CAACB004108F9 /* Build configuration list for PBXNativeTarget "ExpenseTrackerUITests" */ = {
			isa = XCConfigurationList;
			buildConfigurations = (
				F66747BB2C6CAACB004108F9 /* Debug */,
				F66747BC2C6CAACB004108F9 /* Release */,
			);
			defaultConfigurationIsVisible = 0;
			defaultConfigurationName = Release;
		};
/* End XCConfigurationList section */

/* Begin XCRemoteSwiftPackageReference section */
		F667481C2C6E70C6004108F9 /* XCRemoteSwiftPackageReference "ChartView" */ = {
			isa = XCRemoteSwiftPackageReference;
			repositoryURL = "https://github.com/AppPear/ChartView";
			requirement = {
				kind = upToNextMajorVersion;
				minimumVersion = 1.5.5;
			};
		};
/* End XCRemoteSwiftPackageReference section */

/* Begin XCVersionGroup section */
		F667480B2C6E3282004108F9 /* ExpenseTracker.xcdatamodeld */ = {
			isa = XCVersionGroup;
			children = (
				F667480C2C6E3283004108F9 /* ExpenseTracker.xcdatamodel */,
			);
			currentVersion = F667480C2C6E3283004108F9 /* ExpenseTracker.xcdatamodel */;
			name = ExpenseTracker.xcdatamodeld;
			path = /Users/akshaygupta/ExpenseTracker/ExpenseTracker/ExpenseTracker/ExpenseTracker.xcdatamodeld;
			sourceTree = "<group>";
			versionGroupType = wrapper.xcdatamodel;
		};
/* End XCVersionGroup section */
	};
	rootObject = F66747882C6CAAC8004108F9 /* Project object */;
}
